
Microsoft Visual Studio Solution File, Format Version 12.00
# Visual Studio 15
VisualStudioVersion = 15.0.28307.1022
MinimumVisualStudioVersion = 10.0.40219.1
Project("{8BC9CEB8-8B4A-11D0-8D11-00A0C91BC942}") = "Q114", "H2\H2.vcxproj", "{D28DFD46-3DD1-4E07-B225-691C96B13797}"
EndProject
Project("{8BC9CEB8-8B4A-11D0-8D11-00A0C91BC942}") = "Q115", "Q115\Q115.vcxproj", "{DCFA1547-CA41-4891-A4CF-9BA8A27C29C7}"
EndProject
Project("{8BC9CEB8-8B4A-11D0-8D11-00A0C91BC942}") = "Q116", "Q116\Q116.vcxproj", "{0CA3F3AB-24B4-4DB5-BC97-A57B6ABC9113}"
EndProject
Project("{8BC9CEB8-8B4A-11D0-8D11-00A0C91BC942}") = "Q117", "Q117\Q117.vcxproj", "{44E8DDE9-E2ED-4BF7-8548-BC3D904763E3}"
EndProject
Project("{8BC9CEB8-8B4A-11D0-8D11-00A0C91BC942}") = "Q118", "Q118\Q118.vcxproj", "{350AC40B-4C7A-4C3E-A2CD-DD7FCA5E3208}"
EndProject
Project("{8BC9CEB8-8B4A-11D0-8D11-00A0C91BC942}") = "Q119", "Q119\Q119.vcxproj", "{48A1E851-F695-4D43-BB7B-46E038D3105B}"
EndProject
Project("{8BC9CEB8-8B4A-11D0-8D11-00A0C91BC942}") = "Q120", "Q120\Q120.vcxproj", "{7140265C-6D01-40C8-8A1F-A1FB079FF21A}"
EndProject
Project("{8BC9CEB8-8B4A-11D0-8D11-00A0C91BC942}") = "Q121", "Q121\Q121.vcxproj", "{AB698CD7-742C-46A7-8F48-2047BEC0F426}"
EndProject
Project("{8BC9CEB8-8B4A-11D0-8D11-00A0C91BC942}") = "Q122", "Q122\Q122.vcxproj", "{32BD6207-4C06-43D8-B0DC-3AF60600EC1A}"
EndProject
Project("{8BC9CEB8-8B4A-11D0-8D11-00A0C91BC942}") = "Q123", "Q123\Q123.vcxproj", "{44FDA3A8-85E8-446D-B866-CE8A171E2DBC}"
EndProject
Global
	GlobalSection(SolutionConfigurationPlatforms) = preSolution
		Debug|x64 = Debug|x64
		Debug|x86 = Debug|x86
		Release|x64 = Release|x64
		Release|x86 = Release|x86
	EndGlobalSection
	GlobalSection(ProjectConfigurationPlatforms) = postSolution
		{D28DFD46-3DD1-4E07-B225-691C96B13797}.Debug|x64.ActiveCfg = Debug|x64
		{D28DFD46-3DD1-4E07-B225-691C96B13797}.Debug|x64.Build.0 = Debug|x64
		{D28DFD46-3DD1-4E07-B225-691C96B13797}.Debug|x86.ActiveCfg = Debug|Win32
		{D28DFD46-3DD1-4E07-B225-691C96B13797}.Debug|x86.Build.0 = Debug|Win32
		{D28DFD46-3DD1-4E07-B225-691C96B13797}.Release|x64.ActiveCfg = Release|x64
		{D28DFD46-3DD1-4E07-B225-691C96B13797}.Release|x64.Build.0 = Release|x64
		{D28DFD46-3DD1-4E07-B225-691C96B13797}.Release|x86.ActiveCfg = Release|Win32
		{D28DFD46-3DD1-4E07-B225-691C96B13797}.Release|x86.Build.0 = Release|Win32
		{DCFA1547-CA41-4891-A4CF-9BA8A27C29C7}.Debug|x64.ActiveCfg = Debug|x64
		{DCFA1547-CA41-4891-A4CF-9BA8A27C29C7}.Debug|x64.Build.0 = Debug|x64
		{DCFA1547-CA41-4891-A4CF-9BA8A27C29C7}.Debug|x86.ActiveCfg = Debug|Win32
		{DCFA1547-CA41-4891-A4CF-9BA8A27C29C7}.Debug|x86.Build.0 = Debug|Win32
		{DCFA1547-CA41-4891-A4CF-9BA8A27C29C7}.Release|x64.ActiveCfg = Release|x64
		{DCFA1547-CA41-4891-A4CF-9BA8A27C29C7}.Release|x64.Build.0 = Release|x64
		{DCFA1547-CA41-4891-A4CF-9BA8A27C29C7}.Release|x86.ActiveCfg = Release|Win32
		{DCFA1547-CA41-4891-A4CF-9BA8A27C29C7}.Release|x86.Build.0 = Release|Win32
		{0CA3F3AB-24B4-4DB5-BC97-A57B6ABC9113}.Debug|x64.ActiveCfg = Debug|x64
		{0CA3F3AB-24B4-4DB5-BC97-A57B6ABC9113}.Debug|x64.Build.0 = Debug|x64
		{0CA3F3AB-24B4-4DB5-BC97-A57B6ABC9113}.Debug|x86.ActiveCfg = Debug|Win32
		{0CA3F3AB-24B4-4DB5-BC97-A57B6ABC9113}.Debug|x86.Build.0 = Debug|Win32
		{0CA3F3AB-24B4-4DB5-BC97-A57B6ABC9113}.Release|x64.ActiveCfg = Release|x64
		{0CA3F3AB-24B4-4DB5-BC97-A57B6ABC9113}.Release|x64.Build.0 = Release|x64
		{0CA3F3AB-24B4-4DB5-BC97-A57B6ABC9113}.Release|x86.ActiveCfg = Release|Win32
		{0CA3F3AB-24B4-4DB5-BC97-A57B6ABC9113}.Release|x86.Build.0 = Release|Win32
		{44E8DDE9-E2ED-4BF7-8548-BC3D904763E3}.Debug|x64.ActiveCfg = Debug|x64
		{44E8DDE9-E2ED-4BF7-8548-BC3D904763E3}.Debug|x64.Build.0 = Debug|x64
		{44E8DDE9-E2ED-4BF7-8548-BC3D904763E3}.Debug|x86.ActiveCfg = Debug|Win32
		{44E8DDE9-E2ED-4BF7-8548-BC3D904763E3}.Debug|x86.Build.0 = Debug|Win32
		{44E8DDE9-E2ED-4BF7-8548-BC3D904763E3}.Release|x64.ActiveCfg = Release|x64
		{44E8DDE9-E2ED-4BF7-8548-BC3D904763E3}.Release|x64.Build.0 = Release|x64
		{44E8DDE9-E2ED-4BF7-8548-BC3D904763E3}.Release|x86.ActiveCfg = Release|Win32
		{44E8DDE9-E2ED-4BF7-8548-BC3D904763E3}.Release|x86.Build.0 = Release|Win32
		{350AC40B-4C7A-4C3E-A2CD-DD7FCA5E3208}.Debug|x64.ActiveCfg = Debug|x64
		{350AC40B-4C7A-4C3E-A2CD-DD7FCA5E3208}.Debug|x64.Build.0 = Debug|x64
		{350AC40B-4C7A-4C3E-A2CD-DD7FCA5E3208}.Debug|x86.ActiveCfg = Debug|Win32
		{350AC40B-4C7A-4C3E-A2CD-DD7FCA5E3208}.Debug|x86.Build.0 = Debug|Win32
		{350AC40B-4C7A-4C3E-A2CD-DD7FCA5E3208}.Release|x64.ActiveCfg = Release|x64
		{350AC40B-4C7A-4C3E-A2CD-DD7FCA5E3208}.Release|x64.Build.0 = Release|x64
		{350AC40B-4C7A-4C3E-A2CD-DD7FCA5E3208}.Release|x86.ActiveCfg = Release|Win32
		{350AC40B-4C7A-4C3E-A2CD-DD7FCA5E3208}.Release|x86.Build.0 = Release|Win32
		{48A1E851-F695-4D43-BB7B-46E038D3105B}.Debug|x64.ActiveCfg = Debug|x64
		{48A1E851-F695-4D43-BB7B-46E038D3105B}.Debug|x64.Build.0 = Debug|x64
		{48A1E851-F695-4D43-BB7B-46E038D3105B}.Debug|x86.ActiveCfg = Debug|Win32
		{48A1E851-F695-4D43-BB7B-46E038D3105B}.Debug|x86.Build.0 = Debug|Win32
		{48A1E851-F695-4D43-BB7B-46E038D3105B}.Release|x64.ActiveCfg = Release|x64
		{48A1E851-F695-4D43-BB7B-46E038D3105B}.Release|x64.Build.0 = Release|x64
		{48A1E851-F695-4D43-BB7B-46E038D3105B}.Release|x86.ActiveCfg = Release|Win32
		{48A1E851-F695-4D43-BB7B-46E038D3105B}.Release|x86.Build.0 = Release|Win32
		{7140265C-6D01-40C8-8A1F-A1FB079FF21A}.Debug|x64.ActiveCfg = Debug|x64
		{7140265C-6D01-40C8-8A1F-A1FB079FF21A}.Debug|x64.Build.0 = Debug|x64
		{7140265C-6D01-40C8-8A1F-A1FB079FF21A}.Debug|x86.ActiveCfg = Debug|Win32
		{7140265C-6D01-40C8-8A1F-A1FB079FF21A}.Debug|x86.Build.0 = Debug|Win32
		{7140265C-6D01-40C8-8A1F-A1FB079FF21A}.Release|x64.ActiveCfg = Release|x64
		{7140265C-6D01-40C8-8A1F-A1FB079FF21A}.Release|x64.Build.0 = Release|x64
		{7140265C-6D01-40C8-8A1F-A1FB079FF21A}.Release|x86.ActiveCfg = Release|Win32
		{7140265C-6D01-40C8-8A1F-A1FB079FF21A}.Release|x86.Build.0 = Release|Win32
		{AB698CD7-742C-46A7-8F48-2047BEC0F426}.Debug|x64.ActiveCfg = Debug|x64
		{AB698CD7-742C-46A7-8F48-2047BEC0F426}.Debug|x64.Build.0 = Debug|x64
		{AB698CD7-742C-46A7-8F48-2047BEC0F426}.Debug|x86.ActiveCfg = Debug|Win32
		{AB698CD7-742C-46A7-8F48-2047BEC0F426}.Debug|x86.Build.0 = Debug|Win32
		{AB698CD7-742C-46A7-8F48-2047BEC0F426}.Release|x64.ActiveCfg = Release|x64
		{AB698CD7-742C-46A7-8F48-2047BEC0F426}.Release|x64.Build.0 = Release|x64
		{AB698CD7-742C-46A7-8F48-2047BEC0F426}.Release|x86.ActiveCfg = Release|Win32
		{AB698CD7-742C-46A7-8F48-2047BEC0F426}.Release|x86.Build.0 = Release|Win32
		{32BD6207-4C06-43D8-B0DC-3AF60600EC1A}.Debug|x64.ActiveCfg = Debug|x64
		{32BD6207-4C06-43D8-B0DC-3AF60600EC1A}.Debug|x64.Build.0 = Debug|x64
		{32BD6207-4C06-43D8-B0DC-3AF60600EC1A}.Debug|x86.ActiveCfg = Debug|Win32
		{32BD6207-4C06-43D8-B0DC-3AF60600EC1A}.Debug|x86.Build.0 = Debug|Win32
		{32BD6207-4C06-43D8-B0DC-3AF60600EC1A}.Release|x64.ActiveCfg = Release|x64
		{32BD6207-4C06-43D8-B0DC-3AF60600EC1A}.Release|x64.Build.0 = Release|x64
		{32BD6207-4C06-43D8-B0DC-3AF60600EC1A}.Release|x86.ActiveCfg = Release|Win32
		{32BD6207-4C06-43D8-B0DC-3AF60600EC1A}.Release|x86.Build.0 = Release|Win32
		{44FDA3A8-85E8-446D-B866-CE8A171E2DBC}.Debug|x64.ActiveCfg = Debug|x64
		{44FDA3A8-85E8-446D-B866-CE8A171E2DBC}.Debug|x64.Build.0 = Debug|x64
		{44FDA3A8-85E8-446D-B866-CE8A171E2DBC}.Debug|x86.ActiveCfg = Debug|Win32
		{44FDA3A8-85E8-446D-B866-CE8A171E2DBC}.Debug|x86.Build.0 = Debug|Win32
		{44FDA3A8-85E8-446D-B866-CE8A171E2DBC}.Release|x64.ActiveCfg = Release|x64
		{44FDA3A8-85E8-446D-B866-CE8A171E2DBC}.Release|x64.Build.0 = Release|x64
		{44FDA3A8-85E8-446D-B866-CE8A171E2DBC}.Release|x86.ActiveCfg = Release|Win32
		{44FDA3A8-85E8-446D-B866-CE8A171E2DBC}.Release|x86.Build.0 = Release|Win32
	EndGlobalSection
	GlobalSection(SolutionProperties) = preSolution
		HideSolutionNode = FALSE
	EndGlobalSection
	GlobalSection(ExtensibilityGlobals) = postSolution
		SolutionGuid = {4F8BDAD4-5AE4-4CE3-BACF-FB817DB84AB6}
	EndGlobalSection
EndGlobal
